
Microsoft Visual Studio Solution File, Format Version 12.00
# Visual Studio Version 17
VisualStudioVersion = 17.8.34408.163
MinimumVisualStudioVersion = 10.0.40219.1
Project("{FAE04EC0-301F-11D3-BF4B-00C04F79EFBC}") = "FullSDPrac.Server", "FullSDPrac\Server\FullSDPrac.Server.csproj", "{1AC39741-4EA1-4F06-AB5A-8C4E33ABB06C}"
EndProject
Project("{FAE04EC0-301F-11D3-BF4B-00C04F79EFBC}") = "FullSDPrac.Client", "FullSDPrac\Client\FullSDPrac.Client.csproj", "{D552E3F3-457A-4BCC-91BD-98A4BFC95C2E}"
EndProject
Project("{FAE04EC0-301F-11D3-BF4B-00C04F79EFBC}") = "FullSDPrac.Shared", "FullSDPrac\Shared\FullSDPrac.Shared.csproj", "{AAE29AFF-4341-40D0-B4CA-9CCC671D79C9}"
EndProject
Global
	GlobalSection(SolutionConfigurationPlatforms) = preSolution
		Debug|Any CPU = Debug|Any CPU
		Release|Any CPU = Release|Any CPU
	EndGlobalSection
	GlobalSection(ProjectConfigurationPlatforms) = postSolution
		{1AC39741-4EA1-4F06-AB5A-8C4E33ABB06C}.Debug|Any CPU.ActiveCfg = Debug|Any CPU
		{1AC39741-4EA1-4F06-AB5A-8C4E33ABB06C}.Debug|Any CPU.Build.0 = Debug|Any CPU
		{1AC39741-4EA1-4F06-AB5A-8C4E33ABB06C}.Release|Any CPU.ActiveCfg = Release|Any CPU
		{1AC39741-4EA1-4F06-AB5A-8C4E33ABB06C}.Release|Any CPU.Build.0 = Release|Any CPU
		{D552E3F3-457A-4BCC-91BD-98A4BFC95C2E}.Debug|Any CPU.ActiveCfg = Debug|Any CPU
		{D552E3F3-457A-4BCC-91BD-98A4BFC95C2E}.Debug|Any CPU.Build.0 = Debug|Any CPU
		{D552E3F3-457A-4BCC-91BD-98A4BFC95C2E}.Release|Any CPU.ActiveCfg = Release|Any CPU
		{D552E3F3-457A-4BCC-91BD-98A4BFC95C2E}.Release|Any CPU.Build.0 = Release|Any CPU
		{AAE29AFF-4341-40D0-B4CA-9CCC671D79C9}.Debug|Any CPU.ActiveCfg = Debug|Any CPU
		{AAE29AFF-4341-40D0-B4CA-9CCC671D79C9}.Debug|Any CPU.Build.0 = Debug|Any CPU
		{AAE29AFF-4341-40D0-B4CA-9CCC671D79C9}.Release|Any CPU.ActiveCfg = Release|Any CPU
		{AAE29AFF-4341-40D0-B4CA-9CCC671D79C9}.Release|Any CPU.Build.0 = Release|Any CPU
	EndGlobalSection
	GlobalSection(SolutionProperties) = preSolution
		HideSolutionNode = FALSE
	EndGlobalSection
	GlobalSection(ExtensibilityGlobals) = postSolution
		SolutionGuid = {D911B30F-5A2F-410C-9C81-3E420BC6EFE2}
	EndGlobalSection
EndGlobal
